<Solution>
  <Folder Name="/Warehouse/">
    <Project Path="../Warehouse/Warehouse.Components/Warehouse.Components.csproj" Id="a19cc44c-6dad-47e6-bc85-c61e9d686859" />
    <Project Path="../Warehouse/Warehouse.Contract/Warehouse.Contract.csproj" Id="7dd4699d-a418-43b1-8705-89aafe41aadf" />
    <Project Path="../Warehouse/Warehouse.Service/Warehouse.Service.csproj" Id="d782ebe9-aef6-422b-8250-8179bd0369b7" />
  </Folder>
  <Project Path="../Sample.Components/Sample.Components.csproj" />
  <Project Path="../Sample.Contracts/Sample.Contracts.csproj" />
  <Project Path="../Sample.Service/Sample.Service.csproj" />
  <Project Path="Sample.Api/Sample.Api.csproj" />
</Solution>
